
Microsoft Visual Studio Solution File, Format Version 12.00
# Visual Studio Version 17
VisualStudioVersion = 17.5.33414.496
MinimumVisualStudioVersion = 10.0.40219.1
Project("{2150E333-8FDC-42A3-9474-1A3956D46DE8}") = "src", "src", "{99E25893-90D6-4FC3-A2FC-95A014AF3315}"
EndProject
Project("{9A19103F-16F7-4668-BE54-9A1E7A4F7556}") = "Maxsys.Core", "src\Maxsys.Core\Maxsys.Core.csproj", "{A78A38E3-6E95-49EB-91DB-D16C095EA825}"
EndProject
Project("{2150E333-8FDC-42A3-9474-1A3956D46DE8}") = "Solution Items", "Solution Items", "{66452108-81E5-45E5-806E-C440F433F8F5}"
	ProjectSection(SolutionItems) = preProject
		LICENSE = LICENSE
		README.md = README.md
	EndProjectSection
EndProject
Project("{2150E333-8FDC-42A3-9474-1A3956D46DE8}") = ".github", ".github", "{2FF19267-9BF4-441F-B536-341867C82FDA}"
EndProject
Project("{2150E333-8FDC-42A3-9474-1A3956D46DE8}") = "workflows", "workflows", "{25EE3562-115E-42AE-BCAC-5F32C1018DCC}"
	ProjectSection(SolutionItems) = preProject
		.github\workflows\dotnet-nuget.yml = .github\workflows\dotnet-nuget.yml
	EndProjectSection
EndProject
Project("{9A19103F-16F7-4668-BE54-9A1E7A4F7556}") = "Maxsys.Core.Data", "src\Maxsys.Core.Data\Maxsys.Core.Data.csproj", "{73559EB1-D7CB-44EC-A647-C748520E38A1}"
EndProject
Global
	GlobalSection(SolutionConfigurationPlatforms) = preSolution
		Debug|Any CPU = Debug|Any CPU
		Release|Any CPU = Release|Any CPU
	EndGlobalSection
	GlobalSection(ProjectConfigurationPlatforms) = postSolution
		{A78A38E3-6E95-49EB-91DB-D16C095EA825}.Debug|Any CPU.ActiveCfg = Debug|Any CPU
		{A78A38E3-6E95-49EB-91DB-D16C095EA825}.Debug|Any CPU.Build.0 = Debug|Any CPU
		{A78A38E3-6E95-49EB-91DB-D16C095EA825}.Release|Any CPU.ActiveCfg = Release|Any CPU
		{A78A38E3-6E95-49EB-91DB-D16C095EA825}.Release|Any CPU.Build.0 = Release|Any CPU
		{73559EB1-D7CB-44EC-A647-C748520E38A1}.Debug|Any CPU.ActiveCfg = Debug|Any CPU
		{73559EB1-D7CB-44EC-A647-C748520E38A1}.Debug|Any CPU.Build.0 = Debug|Any CPU
		{73559EB1-D7CB-44EC-A647-C748520E38A1}.Release|Any CPU.ActiveCfg = Release|Any CPU
		{73559EB1-D7CB-44EC-A647-C748520E38A1}.Release|Any CPU.Build.0 = Release|Any CPU
	EndGlobalSection
	GlobalSection(SolutionProperties) = preSolution
		HideSolutionNode = FALSE
	EndGlobalSection
	GlobalSection(NestedProjects) = preSolution
		{A78A38E3-6E95-49EB-91DB-D16C095EA825} = {99E25893-90D6-4FC3-A2FC-95A014AF3315}
		{25EE3562-115E-42AE-BCAC-5F32C1018DCC} = {2FF19267-9BF4-441F-B536-341867C82FDA}
		{73559EB1-D7CB-44EC-A647-C748520E38A1} = {99E25893-90D6-4FC3-A2FC-95A014AF3315}
	EndGlobalSection
	GlobalSection(ExtensibilityGlobals) = postSolution
		SolutionGuid = {2A4EDFD5-F835-4736-AE34-1BE95C64D8EB}
	EndGlobalSection
EndGlobal
